<?xml version="1.0" encoding="utf-8"?>
<Project ToolsVersion="4.0" xmlns="http://schemas.microsoft.com/developer/msbuild/2003">
  <ItemGroup>
    <ClCompile Include="boss1.c">
      <Filter>Gfx</Filter>
    </ClCompile>
    <ClCompile Include="boss2.c">
      <Filter>Gfx</Filter>
    </ClCompile>
    <ClCompile Include="boss3.c">
      <Filter>Gfx</Filter>
    </ClCompile>
    <ClCompile Include="boss4.c">
      <Filter>Gfx</Filter>
    </ClCompile>
    <ClCompile Include="boss5.c">
      <Filter>Gfx</Filter>
    </ClCompile>
    <ClCompile Include="newfont.c">
      <Filter>Gfx</Filter>
    </ClCompile>
    <ClCompile Include="ssd_inc.c">
      <Filter>Gfx</Filter>
    </ClCompile>
    <ClCompile Include="font.c">
      <Filter>Gfx</Filter>
    </ClCompile>
    <ClCompile Include="title_c.c">
      <Filter>Gfx</Filter>
    </ClCompile>
    <ClCompile Include="title_p.c">
      <Filter>Gfx</Filter>
    </ClCompile>
    <ClCompile Include="bg.c">
      <Filter>Src</Filter>
    </ClCompile>
    <ClCompile Include="boss.c">
      <Filter>Src</Filter>
    </ClCompile>
    <ClCompile Include="difficulty.c">
      <Filter>Src</Filter>
    </ClCompile>
    <ClCompile Include="human.c">
      <Filter>Src</Filter>
    </ClCompile>
    <ClCompile Include="enemy.c">
      <Filter>Src</Filter>
    </ClCompile>
    <ClCompile Include="music.c">
      <Filter>Src</Filter>
    </ClCompile>
    <ClCompile Include="superspaceacer.c">
      <Filter>Src</Filter>
    </ClCompile>
    <ClCompile Include="trampolines.c">
      <Filter>Src</Filter>
    </ClCompile>
    <ClCompile Include="wineasy.c">
      <Filter>Src</Filter>
    </ClCompile>
    <ClCompile Include="winhard.c">
      <Filter>Src</Filter>
    </ClCompile>
    <ClCompile Include="winmed.c">
      <Filter>Src</Filter>
    </ClCompile>
    <ClCompile Include="string.c">
      <Filter>Src</Filter>
    </ClCompile>
    <ClCompile Include="..\title2\ship1_c.c">
      <Filter>Gfx</Filter>
    </ClCompile>
    <ClCompile Include="..\title2\ship1_p.c">
      <Filter>Gfx</Filter>
    </ClCompile>
    <ClCompile Include="..\title2\ship2_c.c">
      <Filter>Gfx</Filter>
    </ClCompile>
    <ClCompile Include="..\title2\ship2_p.c">
      <Filter>Gfx</Filter>
    </ClCompile>
    <ClCompile Include="..\title2\ship3_c.c">
      <Filter>Gfx</Filter>
    </ClCompile>
    <ClCompile Include="..\title2\ship3_p.c">
      <Filter>Gfx</Filter>
    </ClCompile>
    <ClCompile Include="..\title2\ship4_c.c">
      <Filter>Gfx</Filter>
    </ClCompile>
    <ClCompile Include="..\title2\ship4_p.c">
      <Filter>Gfx</Filter>
    </ClCompile>
    <ClCompile Include="titlepage.c">
      <Filter>Src</Filter>
    </ClCompile>
    <ClCompile Include="..\selena_end_c.c">
      <Filter>Gfx</Filter>
    </ClCompile>
    <ClCompile Include="..\selena_end_p.c">
      <Filter>Gfx</Filter>
    </ClCompile>
    <ClCompile Include="outfile0.c">
      <Filter>Sound</Filter>
    </ClCompile>
    <ClCompile Include="outfile1.c">
      <Filter>Sound</Filter>
    </ClCompile>
    <ClCompile Include="outfile2.c">
      <Filter>Sound</Filter>
    </ClCompile>
    <ClCompile Include="outfile3.c">
      <Filter>Sound</Filter>
    </ClCompile>
    <ClCompile Include="..\demoship1c.c">
      <Filter>Gfx</Filter>
    </ClCompile>
    <ClCompile Include="..\demoship1p.c">
      <Filter>Gfx</Filter>
    </ClCompile>
    <ClCompile Include="..\demoship2c.c">
      <Filter>Gfx</Filter>
    </ClCompile>
    <ClCompile Include="..\demoship2p.c">
      <Filter>Gfx</Filter>
    </ClCompile>
    <ClCompile Include="attract.c">
      <Filter>Src</Filter>
    </ClCompile>
    <ClCompile Include="sfxs.c">
      <Filter>Sound</Filter>
    </ClCompile>
    <ClCompile Include="ladybugc.c">
      <Filter>Gfx</Filter>
    </ClCompile>
    <ClCompile Include="ladybugp.c">
      <Filter>Gfx</Filter>
    </ClCompile>
    <ClCompile Include="ladybugscreenC.c">
      <Filter>Gfx</Filter>
    </ClCompile>
    <ClCompile Include="ladybugscreenP.c">
      <Filter>Gfx</Filter>
    </ClCompile>
  </ItemGroup>
  <ItemGroup>
    <ClInclude Include="game.h">
      <Filter>Headers</Filter>
    </ClInclude>
    <ClInclude Include="..\..\..\..\coleco\libti99coleco\halt.h">
      <Filter>libti99</Filter>
    </ClInclude>
    <ClInclude Include="..\..\..\..\coleco\libti99coleco\kscan.h">
      <Filter>libti99</Filter>
    </ClInclude>
    <ClInclude Include="..\..\..\..\coleco\libti99coleco\sound.h">
      <Filter>libti99</Filter>
    </ClInclude>
    <ClInclude Include="..\..\..\..\coleco\libti99coleco\string.h">
      <Filter>libti99</Filter>
    </ClInclude>
    <ClInclude Include="..\..\..\..\coleco\libti99coleco\vdp.h">
      <Filter>libti99</Filter>
    </ClInclude>
    <ClInclude Include="trampoline.h">
      <Filter>Headers</Filter>
    </ClInclude>
    <ClInclude Include="enemy.h">
      <Filter>Headers</Filter>
    </ClInclude>
    <ClInclude Include="human.h">
      <Filter>Headers</Filter>
    </ClInclude>
    <ClInclude Include="music.h">
      <Filter>Headers</Filter>
    </ClInclude>
    <ClInclude Include="attract.h">
      <Filter>Headers</Filter>
    </ClInclude>
  </ItemGroup>
  <ItemGroup>
    <Image Include="boss1.bmp">
      <Filter>Gfx</Filter>
    </Image>
    <Image Include="boss2.bmp">
      <Filter>Gfx</Filter>
    </Image>
    <Image Include="boss3.bmp">
      <Filter>Gfx</Filter>
    </Image>
    <Image Include="boss4.bmp">
      <Filter>Gfx</Filter>
    </Image>
    <Image Include="boss5.bmp">
      <Filter>Gfx</Filter>
    </Image>
  </ItemGroup>
  <ItemGroup>
    <None Include="..\setup.bat" />
    <None Include="crt0.map" />
    <None Include="crt0.s" />
    <None Include="Makefile" />
  </ItemGroup>
  <ItemGroup>
    <Text Include="readme.txt" />
    <Text Include="..\TODO.txt" />
  </ItemGroup>
  <ItemGroup>
    <Filter Include="Headers">
      <UniqueIdentifier>{0001d5ea-8bcb-4291-b2cf-96eb33ef939b}</UniqueIdentifier>
    </Filter>
    <Filter Include="Gfx">
      <UniqueIdentifier>{425c2c11-f81f-4afb-a194-951f4ddb167b}</UniqueIdentifier>
    </Filter>
    <Filter Include="Sound">
      <UniqueIdentifier>{9effe5d1-0486-4fdd-bcc6-fa3fca26bda4}</UniqueIdentifier>
    </Filter>
    <Filter Include="Src">
      <UniqueIdentifier>{2862b284-a584-4b88-b948-78073f95c795}</UniqueIdentifier>
    </Filter>
    <Filter Include="libti99">
      <UniqueIdentifier>{7db76da6-f813-49b5-a992-e8acf3778ee5}</UniqueIdentifier>
    </Filter>
  </ItemGroup>
</Project>